
Microsoft Visual Studio Solution File, Format Version 12.00
# Visual Studio Version 17
VisualStudioVersion = 17.0.31912.275
MinimumVisualStudioVersion = 10.0.40219.1
Project("{9A19103F-16F7-4668-BE54-9A1E7A4F7556}") = "Flagrum.Console", "Flagrum.Console\Flagrum.Console.csproj", "{F237CEF5-5F62-4E4F-8442-7EDD7835EF31}"
EndProject
Project("{9A19103F-16F7-4668-BE54-9A1E7A4F7556}") = "Flagrum.Interop", "Flagrum.Interop\Flagrum.Interop.csproj", "{8201C711-063D-4991-94A6-6D14961114C8}"
EndProject
Project("{9A19103F-16F7-4668-BE54-9A1E7A4F7556}") = "Flagrum.Core", "Flagrum.Core\Flagrum.Core.csproj", "{4243D4A0-CF6F-461B-A3E2-73C5C7C499B5}"
EndProject
Project("{9A19103F-16F7-4668-BE54-9A1E7A4F7556}") = "Flagrum.Blender", "Flagrum.Blender\Flagrum.Blender.csproj", "{5708282E-1985-49F5-A16F-195A6EF9AF0A}"
EndProject
Project("{9A19103F-16F7-4668-BE54-9A1E7A4F7556}") = "Flagrum.Desktop", "Flagrum.Desktop\Flagrum.Desktop.csproj", "{0D6FD180-1B4E-4B10-8DE3-74FC0CAB3A20}"
EndProject
Project("{9A19103F-16F7-4668-BE54-9A1E7A4F7556}") = "Flagrum.Web", "Flagrum.Web\Flagrum.Web.csproj", "{4C3303C2-3CA7-4021-8098-E882D8381B23}"
EndProject
Global
	GlobalSection(SolutionConfigurationPlatforms) = preSolution
		Debug|Any CPU = Debug|Any CPU
		Debug|x64 = Debug|x64
		Debug|x86 = Debug|x86
		Release|Any CPU = Release|Any CPU
		Release|x64 = Release|x64
		Release|x86 = Release|x86
	EndGlobalSection
	GlobalSection(ProjectConfigurationPlatforms) = postSolution
		{F237CEF5-5F62-4E4F-8442-7EDD7835EF31}.Debug|Any CPU.ActiveCfg = Debug|Any CPU
		{F237CEF5-5F62-4E4F-8442-7EDD7835EF31}.Debug|Any CPU.Build.0 = Debug|Any CPU
		{F237CEF5-5F62-4E4F-8442-7EDD7835EF31}.Debug|x64.ActiveCfg = Debug|Any CPU
		{F237CEF5-5F62-4E4F-8442-7EDD7835EF31}.Debug|x64.Build.0 = Debug|Any CPU
		{F237CEF5-5F62-4E4F-8442-7EDD7835EF31}.Debug|x86.ActiveCfg = Debug|Any CPU
		{F237CEF5-5F62-4E4F-8442-7EDD7835EF31}.Debug|x86.Build.0 = Debug|Any CPU
		{F237CEF5-5F62-4E4F-8442-7EDD7835EF31}.Release|Any CPU.ActiveCfg = Release|Any CPU
		{F237CEF5-5F62-4E4F-8442-7EDD7835EF31}.Release|Any CPU.Build.0 = Release|Any CPU
		{F237CEF5-5F62-4E4F-8442-7EDD7835EF31}.Release|x64.ActiveCfg = Release|Any CPU
		{F237CEF5-5F62-4E4F-8442-7EDD7835EF31}.Release|x64.Build.0 = Release|Any CPU
		{F237CEF5-5F62-4E4F-8442-7EDD7835EF31}.Release|x86.ActiveCfg = Release|Any CPU
		{F237CEF5-5F62-4E4F-8442-7EDD7835EF31}.Release|x86.Build.0 = Release|Any CPU
		{8201C711-063D-4991-94A6-6D14961114C8}.Debug|Any CPU.ActiveCfg = Debug|Any CPU
		{8201C711-063D-4991-94A6-6D14961114C8}.Debug|Any CPU.Build.0 = Debug|Any CPU
		{8201C711-063D-4991-94A6-6D14961114C8}.Debug|x64.ActiveCfg = Debug|x64
		{8201C711-063D-4991-94A6-6D14961114C8}.Debug|x64.Build.0 = Debug|x64
		{8201C711-063D-4991-94A6-6D14961114C8}.Debug|x86.ActiveCfg = Debug|Any CPU
		{8201C711-063D-4991-94A6-6D14961114C8}.Debug|x86.Build.0 = Debug|Any CPU
		{8201C711-063D-4991-94A6-6D14961114C8}.Release|Any CPU.ActiveCfg = Release|Any CPU
		{8201C711-063D-4991-94A6-6D14961114C8}.Release|Any CPU.Build.0 = Release|Any CPU
		{8201C711-063D-4991-94A6-6D14961114C8}.Release|x64.ActiveCfg = Release|Any CPU
		{8201C711-063D-4991-94A6-6D14961114C8}.Release|x64.Build.0 = Release|Any CPU
		{8201C711-063D-4991-94A6-6D14961114C8}.Release|x86.ActiveCfg = Release|Any CPU
		{8201C711-063D-4991-94A6-6D14961114C8}.Release|x86.Build.0 = Release|Any CPU
		{4243D4A0-CF6F-461B-A3E2-73C5C7C499B5}.Debug|Any CPU.ActiveCfg = Debug|Any CPU
		{4243D4A0-CF6F-461B-A3E2-73C5C7C499B5}.Debug|Any CPU.Build.0 = Debug|Any CPU
		{4243D4A0-CF6F-461B-A3E2-73C5C7C499B5}.Debug|x64.ActiveCfg = Debug|Any CPU
		{4243D4A0-CF6F-461B-A3E2-73C5C7C499B5}.Debug|x64.Build.0 = Debug|Any CPU
		{4243D4A0-CF6F-461B-A3E2-73C5C7C499B5}.Debug|x86.ActiveCfg = Debug|Any CPU
		{4243D4A0-CF6F-461B-A3E2-73C5C7C499B5}.Debug|x86.Build.0 = Debug|Any CPU
		{4243D4A0-CF6F-461B-A3E2-73C5C7C499B5}.Release|Any CPU.ActiveCfg = Release|Any CPU
		{4243D4A0-CF6F-461B-A3E2-73C5C7C499B5}.Release|Any CPU.Build.0 = Release|Any CPU
		{4243D4A0-CF6F-461B-A3E2-73C5C7C499B5}.Release|x64.ActiveCfg = Release|Any CPU
		{4243D4A0-CF6F-461B-A3E2-73C5C7C499B5}.Release|x64.Build.0 = Release|Any CPU
		{4243D4A0-CF6F-461B-A3E2-73C5C7C499B5}.Release|x86.ActiveCfg = Release|Any CPU
		{4243D4A0-CF6F-461B-A3E2-73C5C7C499B5}.Release|x86.Build.0 = Release|Any CPU
		{5708282E-1985-49F5-A16F-195A6EF9AF0A}.Debug|Any CPU.ActiveCfg = Debug|Any CPU
		{5708282E-1985-49F5-A16F-195A6EF9AF0A}.Debug|Any CPU.Build.0 = Debug|Any CPU
		{5708282E-1985-49F5-A16F-195A6EF9AF0A}.Debug|x64.ActiveCfg = Debug|Any CPU
		{5708282E-1985-49F5-A16F-195A6EF9AF0A}.Debug|x64.Build.0 = Debug|Any CPU
		{5708282E-1985-49F5-A16F-195A6EF9AF0A}.Debug|x86.ActiveCfg = Debug|Any CPU
		{5708282E-1985-49F5-A16F-195A6EF9AF0A}.Debug|x86.Build.0 = Debug|Any CPU
		{5708282E-1985-49F5-A16F-195A6EF9AF0A}.Release|Any CPU.ActiveCfg = Release|Any CPU
		{5708282E-1985-49F5-A16F-195A6EF9AF0A}.Release|Any CPU.Build.0 = Release|Any CPU
		{5708282E-1985-49F5-A16F-195A6EF9AF0A}.Release|x64.ActiveCfg = Release|Any CPU
		{5708282E-1985-49F5-A16F-195A6EF9AF0A}.Release|x64.Build.0 = Release|Any CPU
		{5708282E-1985-49F5-A16F-195A6EF9AF0A}.Release|x86.ActiveCfg = Release|Any CPU
		{5708282E-1985-49F5-A16F-195A6EF9AF0A}.Release|x86.Build.0 = Release|Any CPU
		{0D6FD180-1B4E-4B10-8DE3-74FC0CAB3A20}.Debug|Any CPU.ActiveCfg = Debug|Any CPU
		{0D6FD180-1B4E-4B10-8DE3-74FC0CAB3A20}.Debug|Any CPU.Build.0 = Debug|Any CPU
		{0D6FD180-1B4E-4B10-8DE3-74FC0CAB3A20}.Debug|x64.ActiveCfg = Debug|Any CPU
		{0D6FD180-1B4E-4B10-8DE3-74FC0CAB3A20}.Debug|x64.Build.0 = Debug|Any CPU
		{0D6FD180-1B4E-4B10-8DE3-74FC0CAB3A20}.Debug|x86.ActiveCfg = Debug|Any CPU
		{0D6FD180-1B4E-4B10-8DE3-74FC0CAB3A20}.Debug|x86.Build.0 = Debug|Any CPU
		{0D6FD180-1B4E-4B10-8DE3-74FC0CAB3A20}.Release|Any CPU.ActiveCfg = Release|Any CPU
		{0D6FD180-1B4E-4B10-8DE3-74FC0CAB3A20}.Release|Any CPU.Build.0 = Release|Any CPU
		{0D6FD180-1B4E-4B10-8DE3-74FC0CAB3A20}.Release|x64.ActiveCfg = Release|Any CPU
		{0D6FD180-1B4E-4B10-8DE3-74FC0CAB3A20}.Release|x64.Build.0 = Release|Any CPU
		{0D6FD180-1B4E-4B10-8DE3-74FC0CAB3A20}.Release|x86.ActiveCfg = Release|Any CPU
		{0D6FD180-1B4E-4B10-8DE3-74FC0CAB3A20}.Release|x86.Build.0 = Release|Any CPU
		{4C3303C2-3CA7-4021-8098-E882D8381B23}.Debug|Any CPU.ActiveCfg = Debug|Any CPU
		{4C3303C2-3CA7-4021-8098-E882D8381B23}.Debug|Any CPU.Build.0 = Debug|Any CPU
		{4C3303C2-3CA7-4021-8098-E882D8381B23}.Debug|x64.ActiveCfg = Debug|Any CPU
		{4C3303C2-3CA7-4021-8098-E882D8381B23}.Debug|x64.Build.0 = Debug|Any CPU
		{4C3303C2-3CA7-4021-8098-E882D8381B23}.Debug|x86.ActiveCfg = Debug|Any CPU
		{4C3303C2-3CA7-4021-8098-E882D8381B23}.Debug|x86.Build.0 = Debug|Any CPU
		{4C3303C2-3CA7-4021-8098-E882D8381B23}.Release|Any CPU.ActiveCfg = Release|Any CPU
		{4C3303C2-3CA7-4021-8098-E882D8381B23}.Release|Any CPU.Build.0 = Release|Any CPU
		{4C3303C2-3CA7-4021-8098-E882D8381B23}.Release|x64.ActiveCfg = Release|Any CPU
		{4C3303C2-3CA7-4021-8098-E882D8381B23}.Release|x64.Build.0 = Release|Any CPU
		{4C3303C2-3CA7-4021-8098-E882D8381B23}.Release|x86.ActiveCfg = Release|Any CPU
		{4C3303C2-3CA7-4021-8098-E882D8381B23}.Release|x86.Build.0 = Release|Any CPU
	EndGlobalSection
	GlobalSection(SolutionProperties) = preSolution
		HideSolutionNode = FALSE
	EndGlobalSection
	GlobalSection(ExtensibilityGlobals) = postSolution
		SolutionGuid = {DBF08D59-6FFB-4372-BACF-A46824BF340A}
	EndGlobalSection
EndGlobal
